
Microsoft Visual Studio Solution File, Format Version 12.00
# Visual Studio Version 16
VisualStudioVersion = 16.0.30128.74
MinimumVisualStudioVersion = 10.0.40219.1
Project("{FAE04EC0-301F-11D3-BF4B-00C04F79EFBC}") = "Utilities", "Utilities\Utilities.csproj", "{299117B9-84F8-4E8A-857B-E9F0D5C076C6}"
EndProject
Project("{FAE04EC0-301F-11D3-BF4B-00C04F79EFBC}") = "Utilities.Tests", "Utilities.Tests\Utilities.Tests.csproj", "{8E71874A-29C7-4C11-85F6-29E66F558E32}"
EndProject
Global
	GlobalSection(SolutionConfigurationPlatforms) = preSolution
		Debug|Any CPU = Debug|Any CPU
		Release|Any CPU = Release|Any CPU
	EndGlobalSection
	GlobalSection(ProjectConfigurationPlatforms) = postSolution
		{299117B9-84F8-4E8A-857B-E9F0D5C076C6}.Debug|Any CPU.ActiveCfg = Debug|Any CPU
		{299117B9-84F8-4E8A-857B-E9F0D5C076C6}.Debug|Any CPU.Build.0 = Debug|Any CPU
		{299117B9-84F8-4E8A-857B-E9F0D5C076C6}.Release|Any CPU.ActiveCfg = Release|Any CPU
		{299117B9-84F8-4E8A-857B-E9F0D5C076C6}.Release|Any CPU.Build.0 = Release|Any CPU
		{8E71874A-29C7-4C11-85F6-29E66F558E32}.Debug|Any CPU.ActiveCfg = Debug|Any CPU
		{8E71874A-29C7-4C11-85F6-29E66F558E32}.Debug|Any CPU.Build.0 = Debug|Any CPU
		{8E71874A-29C7-4C11-85F6-29E66F558E32}.Release|Any CPU.ActiveCfg = Release|Any CPU
		{8E71874A-29C7-4C11-85F6-29E66F558E32}.Release|Any CPU.Build.0 = Release|Any CPU
	EndGlobalSection
	GlobalSection(SolutionProperties) = preSolution
		HideSolutionNode = FALSE
	EndGlobalSection
	GlobalSection(ExtensibilityGlobals) = postSolution
		SolutionGuid = {929E14B7-14A1-4C2B-88BE-1503787FF9F3}
	EndGlobalSection
EndGlobal
